
Microsoft Visual Studio Solution File, Format Version 12.00
# Visual Studio Version 16
VisualStudioVersion = 16.0.31205.134
MinimumVisualStudioVersion = 10.0.40219.1
Project("{FAE04EC0-301F-11D3-BF4B-00C04F79EFBC}") = "praktApp.Android", "praktApp\praktApp.Android\praktApp.Android.csproj", "{C2CD4317-D437-442E-8D8C-7950D443CA52}"
EndProject
Project("{FAE04EC0-301F-11D3-BF4B-00C04F79EFBC}") = "praktApp", "praktApp\praktApp\praktApp.csproj", "{2A5FD521-DD51-4CCF-BBDB-8EFB0AA4FA59}"
EndProject
Global
	GlobalSection(SolutionConfigurationPlatforms) = preSolution
		Debug|Any CPU = Debug|Any CPU
		Release|Any CPU = Release|Any CPU
	EndGlobalSection
	GlobalSection(ProjectConfigurationPlatforms) = postSolution
		{C2CD4317-D437-442E-8D8C-7950D443CA52}.Debug|Any CPU.ActiveCfg = Debug|Any CPU
		{C2CD4317-D437-442E-8D8C-7950D443CA52}.Debug|Any CPU.Build.0 = Debug|Any CPU
		{C2CD4317-D437-442E-8D8C-7950D443CA52}.Debug|Any CPU.Deploy.0 = Debug|Any CPU
		{C2CD4317-D437-442E-8D8C-7950D443CA52}.Release|Any CPU.ActiveCfg = Release|Any CPU
		{C2CD4317-D437-442E-8D8C-7950D443CA52}.Release|Any CPU.Build.0 = Release|Any CPU
		{C2CD4317-D437-442E-8D8C-7950D443CA52}.Release|Any CPU.Deploy.0 = Release|Any CPU
		{2A5FD521-DD51-4CCF-BBDB-8EFB0AA4FA59}.Debug|Any CPU.ActiveCfg = Debug|Any CPU
		{2A5FD521-DD51-4CCF-BBDB-8EFB0AA4FA59}.Debug|Any CPU.Build.0 = Debug|Any CPU
		{2A5FD521-DD51-4CCF-BBDB-8EFB0AA4FA59}.Debug|Any CPU.Deploy.0 = Debug|Any CPU
		{2A5FD521-DD51-4CCF-BBDB-8EFB0AA4FA59}.Release|Any CPU.ActiveCfg = Release|Any CPU
		{2A5FD521-DD51-4CCF-BBDB-8EFB0AA4FA59}.Release|Any CPU.Build.0 = Release|Any CPU
		{2A5FD521-DD51-4CCF-BBDB-8EFB0AA4FA59}.Release|Any CPU.Deploy.0 = Release|Any CPU
	EndGlobalSection
	GlobalSection(SolutionProperties) = preSolution
		HideSolutionNode = FALSE
	EndGlobalSection
	GlobalSection(ExtensibilityGlobals) = postSolution
		SolutionGuid = {FBF7CFB5-B0E9-4C71-BA2E-65F0BFE512A7}
	EndGlobalSection
EndGlobal
